
Microsoft Visual Studio Solution File, Format Version 11.00
# Visual Studio 2010
Project("{FAE04EC0-301F-11D3-BF4B-00C04F79EFBC}") = "quartz", "quartz\quartz.csproj", "{C09D06C0-8B0D-4F98-A3F9-C5D16E6EAB85}"
EndProject
Project("{FAE04EC0-301F-11D3-BF4B-00C04F79EFBC}") = "quartz.job", "quartz.job\quartz.job.csproj", "{94BE5AA5-5BA9-4749-9512-982D4492FD43}"
EndProject
Project("{FAE04EC0-301F-11D3-BF4B-00C04F79EFBC}") = "quartz.IoC", "quartz.IoC\quartz.IoC.csproj", "{A9F9329B-1F98-4795-A13F-316EFCC8DCC2}"
EndProject
Project("{FAE04EC0-301F-11D3-BF4B-00C04F79EFBC}") = "quartz.test", "quartz.test\quartz.test.csproj", "{87D965CB-BEF9-4166-B140-B27589404432}"
EndProject
Global
	GlobalSection(SolutionConfigurationPlatforms) = preSolution
		Debug|Any CPU = Debug|Any CPU
		Debug|Mixed Platforms = Debug|Mixed Platforms
		Debug|x86 = Debug|x86
		Release|Any CPU = Release|Any CPU
		Release|Mixed Platforms = Release|Mixed Platforms
		Release|x86 = Release|x86
	EndGlobalSection
	GlobalSection(ProjectConfigurationPlatforms) = postSolution
		{C09D06C0-8B0D-4F98-A3F9-C5D16E6EAB85}.Debug|Any CPU.ActiveCfg = Debug|x86
		{C09D06C0-8B0D-4F98-A3F9-C5D16E6EAB85}.Debug|Mixed Platforms.ActiveCfg = Debug|x86
		{C09D06C0-8B0D-4F98-A3F9-C5D16E6EAB85}.Debug|Mixed Platforms.Build.0 = Debug|x86
		{C09D06C0-8B0D-4F98-A3F9-C5D16E6EAB85}.Debug|x86.ActiveCfg = Debug|x86
		{C09D06C0-8B0D-4F98-A3F9-C5D16E6EAB85}.Debug|x86.Build.0 = Debug|x86
		{C09D06C0-8B0D-4F98-A3F9-C5D16E6EAB85}.Release|Any CPU.ActiveCfg = Release|x86
		{C09D06C0-8B0D-4F98-A3F9-C5D16E6EAB85}.Release|Mixed Platforms.ActiveCfg = Release|x86
		{C09D06C0-8B0D-4F98-A3F9-C5D16E6EAB85}.Release|Mixed Platforms.Build.0 = Release|x86
		{C09D06C0-8B0D-4F98-A3F9-C5D16E6EAB85}.Release|x86.ActiveCfg = Release|x86
		{C09D06C0-8B0D-4F98-A3F9-C5D16E6EAB85}.Release|x86.Build.0 = Release|x86
		{94BE5AA5-5BA9-4749-9512-982D4492FD43}.Debug|Any CPU.ActiveCfg = Debug|Any CPU
		{94BE5AA5-5BA9-4749-9512-982D4492FD43}.Debug|Any CPU.Build.0 = Debug|Any CPU
		{94BE5AA5-5BA9-4749-9512-982D4492FD43}.Debug|Mixed Platforms.ActiveCfg = Debug|Any CPU
		{94BE5AA5-5BA9-4749-9512-982D4492FD43}.Debug|Mixed Platforms.Build.0 = Debug|Any CPU
		{94BE5AA5-5BA9-4749-9512-982D4492FD43}.Debug|x86.ActiveCfg = Debug|Any CPU
		{94BE5AA5-5BA9-4749-9512-982D4492FD43}.Release|Any CPU.ActiveCfg = Release|Any CPU
		{94BE5AA5-5BA9-4749-9512-982D4492FD43}.Release|Any CPU.Build.0 = Release|Any CPU
		{94BE5AA5-5BA9-4749-9512-982D4492FD43}.Release|Mixed Platforms.ActiveCfg = Release|Any CPU
		{94BE5AA5-5BA9-4749-9512-982D4492FD43}.Release|Mixed Platforms.Build.0 = Release|Any CPU
		{94BE5AA5-5BA9-4749-9512-982D4492FD43}.Release|x86.ActiveCfg = Release|Any CPU
		{A9F9329B-1F98-4795-A13F-316EFCC8DCC2}.Debug|Any CPU.ActiveCfg = Debug|Any CPU
		{A9F9329B-1F98-4795-A13F-316EFCC8DCC2}.Debug|Any CPU.Build.0 = Debug|Any CPU
		{A9F9329B-1F98-4795-A13F-316EFCC8DCC2}.Debug|Mixed Platforms.ActiveCfg = Debug|Any CPU
		{A9F9329B-1F98-4795-A13F-316EFCC8DCC2}.Debug|Mixed Platforms.Build.0 = Debug|Any CPU
		{A9F9329B-1F98-4795-A13F-316EFCC8DCC2}.Debug|x86.ActiveCfg = Debug|Any CPU
		{A9F9329B-1F98-4795-A13F-316EFCC8DCC2}.Release|Any CPU.ActiveCfg = Release|Any CPU
		{A9F9329B-1F98-4795-A13F-316EFCC8DCC2}.Release|Any CPU.Build.0 = Release|Any CPU
		{A9F9329B-1F98-4795-A13F-316EFCC8DCC2}.Release|Mixed Platforms.ActiveCfg = Release|Any CPU
		{A9F9329B-1F98-4795-A13F-316EFCC8DCC2}.Release|Mixed Platforms.Build.0 = Release|Any CPU
		{A9F9329B-1F98-4795-A13F-316EFCC8DCC2}.Release|x86.ActiveCfg = Release|Any CPU
		{87D965CB-BEF9-4166-B140-B27589404432}.Debug|Any CPU.ActiveCfg = Debug|Any CPU
		{87D965CB-BEF9-4166-B140-B27589404432}.Debug|Any CPU.Build.0 = Debug|Any CPU
		{87D965CB-BEF9-4166-B140-B27589404432}.Debug|Mixed Platforms.ActiveCfg = Debug|Any CPU
		{87D965CB-BEF9-4166-B140-B27589404432}.Debug|Mixed Platforms.Build.0 = Debug|Any CPU
		{87D965CB-BEF9-4166-B140-B27589404432}.Debug|x86.ActiveCfg = Debug|Any CPU
		{87D965CB-BEF9-4166-B140-B27589404432}.Release|Any CPU.ActiveCfg = Release|Any CPU
		{87D965CB-BEF9-4166-B140-B27589404432}.Release|Any CPU.Build.0 = Release|Any CPU
		{87D965CB-BEF9-4166-B140-B27589404432}.Release|Mixed Platforms.ActiveCfg = Release|Any CPU
		{87D965CB-BEF9-4166-B140-B27589404432}.Release|Mixed Platforms.Build.0 = Release|Any CPU
		{87D965CB-BEF9-4166-B140-B27589404432}.Release|x86.ActiveCfg = Release|Any CPU
	EndGlobalSection
	GlobalSection(SolutionProperties) = preSolution
		HideSolutionNode = FALSE
	EndGlobalSection
EndGlobal
